// !$*UTF8*$!
{
	archiveVersion = 1;
	classes = {
	};
	objectVersion = 55;
	objects = {

/* Begin PBXBuildFile section */
		629824022830FECD007753B3 /* AppDelegate.swift in Sources */ = {isa = PBXBuildFile; fileRef = 629824012830FECD007753B3 /* AppDelegate.swift */; };
		629824042830FECD007753B3 /* SceneDelegate.swift in Sources */ = {isa = PBXBuildFile; fileRef = 629824032830FECD007753B3 /* SceneDelegate.swift */; };
		629824062830FECD007753B3 /* MainController.swift in Sources */ = {isa = PBXBuildFile; fileRef = 629824052830FECD007753B3 /* MainController.swift */; };
		6298240C2830FECD007753B3 /* NetworkPhotoCache.xcdatamodeld in Sources */ = {isa = PBXBuildFile; fileRef = 6298240A2830FECD007753B3 /* NetworkPhotoCache.xcdatamodeld */; };
		6298240E2830FECD007753B3 /* Assets.xcassets in Resources */ = {isa = PBXBuildFile; fileRef = 6298240D2830FECD007753B3 /* Assets.xcassets */; };
		629824112830FECD007753B3 /* LaunchScreen.storyboard in Resources */ = {isa = PBXBuildFile; fileRef = 6298240F2830FECD007753B3 /* LaunchScreen.storyboard */; };
		6298241D28310064007753B3 /* Model.swift in Sources */ = {isa = PBXBuildFile; fileRef = 6298241C28310064007753B3 /* Model.swift */; };
		62982420283100E3007753B3 /* MainView.swift in Sources */ = {isa = PBXBuildFile; fileRef = 6298241F283100E3007753B3 /* MainView.swift */; };
		629824222831042E007753B3 /* ColorController.swift in Sources */ = {isa = PBXBuildFile; fileRef = 629824212831042E007753B3 /* ColorController.swift */; };
		6298242528310456007753B3 /* ColorView.swift in Sources */ = {isa = PBXBuildFile; fileRef = 6298242428310456007753B3 /* ColorView.swift */; };
		6298242728310553007753B3 /* ColorCollectionViewCell.swift in Sources */ = {isa = PBXBuildFile; fileRef = 6298242628310553007753B3 /* ColorCollectionViewCell.swift */; };
		6298242B283120E6007753B3 /* DetailController.swift in Sources */ = {isa = PBXBuildFile; fileRef = 6298242A283120E6007753B3 /* DetailController.swift */; };
		6298242D283120F8007753B3 /* DetailView.swift in Sources */ = {isa = PBXBuildFile; fileRef = 6298242C283120F8007753B3 /* DetailView.swift */; };
		C30AD58D24FA2704BB61474E /* Pods_NetworkPhotoCache.framework in Frameworks */ = {isa = PBXBuildFile; fileRef = 8C0988760AD3C79FCDB3C542 /* Pods_NetworkPhotoCache.framework */; };
/* End PBXBuildFile section */

/* Begin PBXFileReference section */
		44694B72EB1E1DFED8B40607 /* Pods-NetworkPhotoCache.debug.xcconfig */ = {isa = PBXFileReference; includeInIndex = 1; lastKnownFileType = text.xcconfig; name = "Pods-NetworkPhotoCache.debug.xcconfig"; path = "Target Support Files/Pods-NetworkPhotoCache/Pods-NetworkPhotoCache.debug.xcconfig"; sourceTree = "<group>"; };
		629823FE2830FECD007753B3 /* NetworkPhotoCache.app */ = {isa = PBXFileReference; explicitFileType = wrapper.application; includeInIndex = 0; path = NetworkPhotoCache.app; sourceTree = BUILT_PRODUCTS_DIR; };
		629824012830FECD007753B3 /* AppDelegate.swift */ = {isa = PBXFileReference; lastKnownFileType = sourcecode.swift; path = AppDelegate.swift; sourceTree = "<group>"; };
		629824032830FECD007753B3 /* SceneDelegate.swift */ = {isa = PBXFileReference; lastKnownFileType = sourcecode.swift; path = SceneDelegate.swift; sourceTree = "<group>"; };
		629824052830FECD007753B3 /* MainController.swift */ = {isa = PBXFileReference; lastKnownFileType = sourcecode.swift; path = MainController.swift; sourceTree = "<group>"; };
		6298240B2830FECD007753B3 /* NetworkPhotoCache.xcdatamodel */ = {isa = PBXFileReference; lastKnownFileType = wrapper.xcdatamodel; path = NetworkPhotoCache.xcdatamodel; sourceTree = "<group>"; };
		6298240D2830FECD007753B3 /* Assets.xcassets */ = {isa = PBXFileReference; lastKnownFileType = folder.assetcatalog; path = Assets.xcassets; sourceTree = "<group>"; };
		629824102830FECD007753B3 /* Base */ = {isa = PBXFileReference; lastKnownFileType = file.storyboard; name = Base; path = Base.lproj/LaunchScreen.storyboard; sourceTree = "<group>"; };
		629824122830FECD007753B3 /* Info.plist */ = {isa = PBXFileReference; lastKnownFileType = text.plist.xml; path = Info.plist; sourceTree = "<group>"; };
		6298241C28310064007753B3 /* Model.swift */ = {isa = PBXFileReference; lastKnownFileType = sourcecode.swift; path = Model.swift; sourceTree = "<group>"; };
		6298241F283100E3007753B3 /* MainView.swift */ = {isa = PBXFileReference; lastKnownFileType = sourcecode.swift; path = MainView.swift; sourceTree = "<group>"; };
		629824212831042E007753B3 /* ColorController.swift */ = {isa = PBXFileReference; lastKnownFileType = sourcecode.swift; path = ColorController.swift; sourceTree = "<group>"; };
		6298242428310456007753B3 /* ColorView.swift */ = {isa = PBXFileReference; lastKnownFileType = sourcecode.swift; path = ColorView.swift; sourceTree = "<group>"; };
		6298242628310553007753B3 /* ColorCollectionViewCell.swift */ = {isa = PBXFileReference; lastKnownFileType = sourcecode.swift; path = ColorCollectionViewCell.swift; sourceTree = "<group>"; };
		6298242A283120E6007753B3 /* DetailController.swift */ = {isa = PBXFileReference; lastKnownFileType = sourcecode.swift; path = DetailController.swift; sourceTree = "<group>"; };
		6298242C283120F8007753B3 /* DetailView.swift */ = {isa = PBXFileReference; lastKnownFileType = sourcecode.swift; path = DetailView.swift; sourceTree = "<group>"; };
		8C0988760AD3C79FCDB3C542 /* Pods_NetworkPhotoCache.framework */ = {isa = PBXFileReference; explicitFileType = wrapper.framework; includeInIndex = 0; path = Pods_NetworkPhotoCache.framework; sourceTree = BUILT_PRODUCTS_DIR; };
		F69FB56FF49E2A531C7C7C5E /* Pods-NetworkPhotoCache.release.xcconfig */ = {isa = PBXFileReference; includeInIndex = 1; lastKnownFileType = text.xcconfig; name = "Pods-NetworkPhotoCache.release.xcconfig"; path = "Target Support Files/Pods-NetworkPhotoCache/Pods-NetworkPhotoCache.release.xcconfig"; sourceTree = "<group>"; };
/* End PBXFileReference section */

/* Begin PBXFrameworksBuildPhase section */
		629823FB2830FECD007753B3 /* Frameworks */ = {
			isa = PBXFrameworksBuildPhase;
			buildActionMask = 2147483647;
			files = (
				C30AD58D24FA2704BB61474E /* Pods_NetworkPhotoCache.framework in Frameworks */,
			);
			runOnlyForDeploymentPostprocessing = 0;
		};
/* End PBXFrameworksBuildPhase section */

/* Begin PBXGroup section */
		629823F52830FECD007753B3 = {
			isa = PBXGroup;
			children = (
				629824002830FECD007753B3 /* NetworkPhotoCache */,
				629823FF2830FECD007753B3 /* Products */,
				C9206C6ABC84390612168716 /* Pods */,
				71FBF99E6F0E5432D29FA639 /* Frameworks */,
			);
			sourceTree = "<group>";
		};
		629823FF2830FECD007753B3 /* Products */ = {
			isa = PBXGroup;
			children = (
				629823FE2830FECD007753B3 /* NetworkPhotoCache.app */,
			);
			name = Products;
			sourceTree = "<group>";
		};
		629824002830FECD007753B3 /* NetworkPhotoCache */ = {
			isa = PBXGroup;
			children = (
				629824182830FF15007753B3 /* App */,
				629824192831001D007753B3 /* Model */,
				6298241A28310033007753B3 /* MainController */,
				6298240D2830FECD007753B3 /* Assets.xcassets */,
				6298240F2830FECD007753B3 /* LaunchScreen.storyboard */,
				629824122830FECD007753B3 /* Info.plist */,
				6298240A2830FECD007753B3 /* NetworkPhotoCache.xcdatamodeld */,
			);
			path = NetworkPhotoCache;
			sourceTree = "<group>";
		};
		629824182830FF15007753B3 /* App */ = {
			isa = PBXGroup;
			children = (
				629824012830FECD007753B3 /* AppDelegate.swift */,
				629824032830FECD007753B3 /* SceneDelegate.swift */,
			);
			path = App;
			sourceTree = "<group>";
		};
		629824192831001D007753B3 /* Model */ = {
			isa = PBXGroup;
			children = (
				6298241C28310064007753B3 /* Model.swift */,
			);
			path = Model;
			sourceTree = "<group>";
		};
		6298241A28310033007753B3 /* MainController */ = {
			isa = PBXGroup;
			children = (
				629824052830FECD007753B3 /* MainController.swift */,
				6298241E283100CC007753B3 /* MainView */,
				6298241B28310045007753B3 /* ColorController */,
			);
			path = MainController;
			sourceTree = "<group>";
		};
		6298241B28310045007753B3 /* ColorController */ = {
			isa = PBXGroup;
			children = (
				629824212831042E007753B3 /* ColorController.swift */,
				6298242328310446007753B3 /* ColorView */,
				62982429283120A9007753B3 /* DetailController */,
			);
			path = ColorController;
			sourceTree = "<group>";
		};
		6298241E283100CC007753B3 /* MainView */ = {
			isa = PBXGroup;
			children = (
				6298241F283100E3007753B3 /* MainView.swift */,
			);
			path = MainView;
			sourceTree = "<group>";
		};
		6298242328310446007753B3 /* ColorView */ = {
			isa = PBXGroup;
			children = (
				6298242428310456007753B3 /* ColorView.swift */,
				6298242628310553007753B3 /* ColorCollectionViewCell.swift */,
			);
			path = ColorView;
			sourceTree = "<group>";
		};
		62982429283120A9007753B3 /* DetailController */ = {
			isa = PBXGroup;
			children = (
				6298242A283120E6007753B3 /* DetailController.swift */,
				6298242E283120FB007753B3 /* DetailView */,
			);
			path = DetailController;
			sourceTree = "<group>";
		};
		6298242E283120FB007753B3 /* DetailView */ = {
			isa = PBXGroup;
			children = (
				6298242C283120F8007753B3 /* DetailView.swift */,
			);
			path = DetailView;
			sourceTree = "<group>";
		};
		71FBF99E6F0E5432D29FA639 /* Frameworks */ = {
			isa = PBXGroup;
			children = (
				8C0988760AD3C79FCDB3C542 /* Pods_NetworkPhotoCache.framework */,
			);
			name = Frameworks;
			sourceTree = "<group>";
		};
		C9206C6ABC84390612168716 /* Pods */ = {
			isa = PBXGroup;
			children = (
				44694B72EB1E1DFED8B40607 /* Pods-NetworkPhotoCache.debug.xcconfig */,
				F69FB56FF49E2A531C7C7C5E /* Pods-NetworkPhotoCache.release.xcconfig */,
			);
			path = Pods;
			sourceTree = "<group>";
		};
/* End PBXGroup section */

/* Begin PBXNativeTarget section */
		629823FD2830FECD007753B3 /* NetworkPhotoCache */ = {
			isa = PBXNativeTarget;
			buildConfigurationList = 629824152830FECD007753B3 /* Build configuration list for PBXNativeTarget "NetworkPhotoCache" */;
			buildPhases = (
				0BE7177D64788838465E5282 /* [CP] Check Pods Manifest.lock */,
				629823FA2830FECD007753B3 /* Sources */,
				629823FB2830FECD007753B3 /* Frameworks */,
				629823FC2830FECD007753B3 /* Resources */,
				DB8CB0D3285B2FAEF052B595 /* [CP] Embed Pods Frameworks */,
			);
			buildRules = (
			);
			dependencies = (
			);
			name = NetworkPhotoCache;
			productName = NetworkPhotoCache;
			productReference = 629823FE2830FECD007753B3 /* NetworkPhotoCache.app */;
			productType = "com.apple.product-type.application";
		};
/* End PBXNativeTarget section */

/* Begin PBXProject section */
		629823F62830FECD007753B3 /* Project object */ = {
			isa = PBXProject;
			attributes = {
				BuildIndependentTargetsInParallel = 1;
				LastSwiftUpdateCheck = 1330;
				LastUpgradeCheck = 1330;
				TargetAttributes = {
					629823FD2830FECD007753B3 = {
						CreatedOnToolsVersion = 13.3;
					};
				};
			};
			buildConfigurationList = 629823F92830FECD007753B3 /* Build configuration list for PBXProject "NetworkPhotoCache" */;
			compatibilityVersion = "Xcode 13.0";
			developmentRegion = en;
			hasScannedForEncodings = 0;
			knownRegions = (
				en,
				Base,
			);
			mainGroup = 629823F52830FECD007753B3;
			productRefGroup = 629823FF2830FECD007753B3 /* Products */;
			projectDirPath = "";
			projectRoot = "";
			targets = (
				629823FD2830FECD007753B3 /* NetworkPhotoCache */,
			);
		};
/* End PBXProject section */

/* Begin PBXResourcesBuildPhase section */
		629823FC2830FECD007753B3 /* Resources */ = {
			isa = PBXResourcesBuildPhase;
			buildActionMask = 2147483647;
			files = (
				629824112830FECD007753B3 /* LaunchScreen.storyboard in Resources */,
				6298240E2830FECD007753B3 /* Assets.xcassets in Resources */,
			);
			runOnlyForDeploymentPostprocessing = 0;
		};
/* End PBXResourcesBuildPhase section */

/* Begin PBXShellScriptBuildPhase section */
		0BE7177D64788838465E5282 /* [CP] Check Pods Manifest.lock */ = {
			isa = PBXShellScriptBuildPhase;
			buildActionMask = 2147483647;
			files = (
			);
			inputFileListPaths = (
			);
			inputPaths = (
				"${PODS_PODFILE_DIR_PATH}/Podfile.lock",
				"${PODS_ROOT}/Manifest.lock",
			);
			name = "[CP] Check Pods Manifest.lock";
			outputFileListPaths = (
			);
			outputPaths = (
				"$(DERIVED_FILE_DIR)/Pods-NetworkPhotoCache-checkManifestLockResult.txt",
			);
			runOnlyForDeploymentPostprocessing = 0;
			shellPath = /bin/sh;
			shellScript = "diff \"${PODS_PODFILE_DIR_PATH}/Podfile.lock\" \"${PODS_ROOT}/Manifest.lock\" > /dev/null\nif [ $? != 0 ] ; then\n    # print error to STDERR\n    echo \"error: The sandbox is not in sync with the Podfile.lock. Run 'pod install' or update your CocoaPods installation.\" >&2\n    exit 1\nfi\n# This output is used by Xcode 'outputs' to avoid re-running this script phase.\necho \"SUCCESS\" > \"${SCRIPT_OUTPUT_FILE_0}\"\n";
			showEnvVarsInLog = 0;
		};
		DB8CB0D3285B2FAEF052B595 /* [CP] Embed Pods Frameworks */ = {
			isa = PBXShellScriptBuildPhase;
			buildActionMask = 2147483647;
			files = (
			);
			inputFileListPaths = (
				"${PODS_ROOT}/Target Support Files/Pods-NetworkPhotoCache/Pods-NetworkPhotoCache-frameworks-${CONFIGURATION}-input-files.xcfilelist",
			);
			name = "[CP] Embed Pods Frameworks";
			outputFileListPaths = (
				"${PODS_ROOT}/Target Support Files/Pods-NetworkPhotoCache/Pods-NetworkPhotoCache-frameworks-${CONFIGURATION}-output-files.xcfilelist",
			);
			runOnlyForDeploymentPostprocessing = 0;
			shellPath = /bin/sh;
			shellScript = "\"${PODS_ROOT}/Target Support Files/Pods-NetworkPhotoCache/Pods-NetworkPhotoCache-frameworks.sh\"\n";
			showEnvVarsInLog = 0;
		};
/* End PBXShellScriptBuildPhase section */

/* Begin PBXSourcesBuildPhase section */
		629823FA2830FECD007753B3 /* Sources */ = {
			isa = PBXSourcesBuildPhase;
			buildActionMask = 2147483647;
			files = (
				6298241D28310064007753B3 /* Model.swift in Sources */,
				62982420283100E3007753B3 /* MainView.swift in Sources */,
				629824062830FECD007753B3 /* MainController.swift in Sources */,
				629824022830FECD007753B3 /* AppDelegate.swift in Sources */,
				6298242528310456007753B3 /* ColorView.swift in Sources */,
				6298242D283120F8007753B3 /* DetailView.swift in Sources */,
				629824222831042E007753B3 /* ColorController.swift in Sources */,
				6298242728310553007753B3 /* ColorCollectionViewCell.swift in Sources */,
				6298240C2830FECD007753B3 /* NetworkPhotoCache.xcdatamodeld in Sources */,
				6298242B283120E6007753B3 /* DetailController.swift in Sources */,
				629824042830FECD007753B3 /* SceneDelegate.swift in Sources */,
			);
			runOnlyForDeploymentPostprocessing = 0;
		};
/* End PBXSourcesBuildPhase section */

/* Begin PBXVariantGroup section */
		6298240F2830FECD007753B3 /* LaunchScreen.storyboard */ = {
			isa = PBXVariantGroup;
			children = (
				629824102830FECD007753B3 /* Base */,
			);
			name = LaunchScreen.storyboard;
			sourceTree = "<group>";
		};
/* End PBXVariantGroup section */

/* Begin XCBuildConfiguration section */
		629824132830FECD007753B3 /* Debug */ = {
			isa = XCBuildConfiguration;
			buildSettings = {
				ALWAYS_SEARCH_USER_PATHS = NO;
				CLANG_ANALYZER_NONNULL = YES;
				CLANG_ANALYZER_NUMBER_OBJECT_CONVERSION = YES_AGGRESSIVE;
				CLANG_CXX_LANGUAGE_STANDARD = "gnu++17";
				CLANG_ENABLE_MODULES = YES;
				CLANG_ENABLE_OBJC_ARC = YES;
				CLANG_ENABLE_OBJC_WEAK = YES;
				CLANG_WARN_BLOCK_CAPTURE_AUTORELEASING = YES;
				CLANG_WARN_BOOL_CONVERSION = YES;
				CLANG_WARN_COMMA = YES;
				CLANG_WARN_CONSTANT_CONVERSION = YES;
				CLANG_WARN_DEPRECATED_OBJC_IMPLEMENTATIONS = YES;
				CLANG_WARN_DIRECT_OBJC_ISA_USAGE = YES_ERROR;
				CLANG_WARN_DOCUMENTATION_COMMENTS = YES;
				CLANG_WARN_EMPTY_BODY = YES;
				CLANG_WARN_ENUM_CONVERSION = YES;
				CLANG_WARN_INFINITE_RECURSION = YES;
				CLANG_WARN_INT_CONVERSION = YES;
				CLANG_WARN_NON_LITERAL_NULL_CONVERSION = YES;
				CLANG_WARN_OBJC_IMPLICIT_RETAIN_SELF = YES;
				CLANG_WARN_OBJC_LITERAL_CONVERSION = YES;
				CLANG_WARN_OBJC_ROOT_CLASS = YES_ERROR;
				CLANG_WARN_QUOTED_INCLUDE_IN_FRAMEWORK_HEADER = YES;
				CLANG_WARN_RANGE_LOOP_ANALYSIS = YES;
				CLANG_WARN_STRICT_PROTOTYPES = YES;
				CLANG_WARN_SUSPICIOUS_MOVE = YES;
				CLANG_WARN_UNGUARDED_AVAILABILITY = YES_AGGRESSIVE;
				CLANG_WARN_UNREACHABLE_CODE = YES;
				CLANG_WARN__DUPLICATE_METHOD_MATCH = YES;
				COPY_PHASE_STRIP = NO;
				DEBUG_INFORMATION_FORMAT = dwarf;
				ENABLE_STRICT_OBJC_MSGSEND = YES;
				ENABLE_TESTABILITY = YES;
				GCC_C_LANGUAGE_STANDARD = gnu11;
				GCC_DYNAMIC_NO_PIC = NO;
				GCC_NO_COMMON_BLOCKS = YES;
				GCC_OPTIMIZATION_LEVEL = 0;
				GCC_PREPROCESSOR_DEFINITIONS = (
					"DEBUG=1",
					"$(inherited)",
				);
				GCC_WARN_64_TO_32_BIT_CONVERSION = YES;
				GCC_WARN_ABOUT_RETURN_TYPE = YES_ERROR;
				GCC_WARN_UNDECLARED_SELECTOR = YES;
				GCC_WARN_UNINITIALIZED_AUTOS = YES_AGGRESSIVE;
				GCC_WARN_UNUSED_FUNCTION = YES;
				GCC_WARN_UNUSED_VARIABLE = YES;
				IPHONEOS_DEPLOYMENT_TARGET = 15.4;
				MTL_ENABLE_DEBUG_INFO = INCLUDE_SOURCE;
				MTL_FAST_MATH = YES;
				ONLY_ACTIVE_ARCH = YES;
				SDKROOT = iphoneos;
				SWIFT_ACTIVE_COMPILATION_CONDITIONS = DEBUG;
				SWIFT_OPTIMIZATION_LEVEL = "-Onone";
			};
			name = Debug;
		};
		629824142830FECD007753B3 /* Release */ = {
			isa = XCBuildConfiguration;
			buildSettings = {
				ALWAYS_SEARCH_USER_PATHS = NO;
				CLANG_ANALYZER_NONNULL = YES;
				CLANG_ANALYZER_NUMBER_OBJECT_CONVERSION = YES_AGGRESSIVE;
				CLANG_CXX_LANGUAGE_STANDARD = "gnu++17";
				CLANG_ENABLE_MODULES = YES;
				CLANG_ENABLE_OBJC_ARC = YES;
				CLANG_ENABLE_OBJC_WEAK = YES;
				CLANG_WARN_BLOCK_CAPTURE_AUTORELEASING = YES;
				CLANG_WARN_BOOL_CONVERSION = YES;
				CLANG_WARN_COMMA = YES;
				CLANG_WARN_CONSTANT_CONVERSION = YES;
				CLANG_WARN_DEPRECATED_OBJC_IMPLEMENTATIONS = YES;
				CLANG_WARN_DIRECT_OBJC_ISA_USAGE = YES_ERROR;
				CLANG_WARN_DOCUMENTATION_COMMENTS = YES;
				CLANG_WARN_EMPTY_BODY = YES;
				CLANG_WARN_ENUM_CONVERSION = YES;
				CLANG_WARN_INFINITE_RECURSION = YES;
				CLANG_WARN_INT_CONVERSION = YES;
				CLANG_WARN_NON_LITERAL_NULL_CONVERSION = YES;
				CLANG_WARN_OBJC_IMPLICIT_RETAIN_SELF = YES;
				CLANG_WARN_OBJC_LITERAL_CONVERSION = YES;
				CLANG_WARN_OBJC_ROOT_CLASS = YES_ERROR;
				CLANG_WARN_QUOTED_INCLUDE_IN_FRAMEWORK_HEADER = YES;
				CLANG_WARN_RANGE_LOOP_ANALYSIS = YES;
				CLANG_WARN_STRICT_PROTOTYPES = YES;
				CLANG_WARN_SUSPICIOUS_MOVE = YES;
				CLANG_WARN_UNGUARDED_AVAILABILITY = YES_AGGRESSIVE;
				CLANG_WARN_UNREACHABLE_CODE = YES;
				CLANG_WARN__DUPLICATE_METHOD_MATCH = YES;
				COPY_PHASE_STRIP = NO;
				DEBUG_INFORMATION_FORMAT = "dwarf-with-dsym";
				ENABLE_NS_ASSERTIONS = NO;
				ENABLE_STRICT_OBJC_MSGSEND = YES;
				GCC_C_LANGUAGE_STANDARD = gnu11;
				GCC_NO_COMMON_BLOCKS = YES;
				GCC_WARN_64_TO_32_BIT_CONVERSION = YES;
				GCC_WARN_ABOUT_RETURN_TYPE = YES_ERROR;
				GCC_WARN_UNDECLARED_SELECTOR = YES;
				GCC_WARN_UNINITIALIZED_AUTOS = YES_AGGRESSIVE;
				GCC_WARN_UNUSED_FUNCTION = YES;
				GCC_WARN_UNUSED_VARIABLE = YES;
				IPHONEOS_DEPLOYMENT_TARGET = 15.4;
				MTL_ENABLE_DEBUG_INFO = NO;
				MTL_FAST_MATH = YES;
				SDKROOT = iphoneos;
				SWIFT_COMPILATION_MODE = wholemodule;
				SWIFT_OPTIMIZATION_LEVEL = "-O";
				VALIDATE_PRODUCT = YES;
			};
			name = Release;
		};
		629824162830FECD007753B3 /* Debug */ = {
			isa = XCBuildConfiguration;
			baseConfigurationReference = 44694B72EB1E1DFED8B40607 /* Pods-NetworkPhotoCache.debug.xcconfig */;
			buildSettings = {
				ASSETCATALOG_COMPILER_APPICON_NAME = AppIcon;
				ASSETCATALOG_COMPILER_GLOBAL_ACCENT_COLOR_NAME = AccentColor;
				CODE_SIGN_STYLE = Automatic;
				CURRENT_PROJECT_VERSION = 1;
				DEVELOPMENT_TEAM = G7LV6N67KJ;
				GENERATE_INFOPLIST_FILE = YES;
				INFOPLIST_FILE = NetworkPhotoCache/Info.plist;
				INFOPLIST_KEY_UIApplicationSupportsIndirectInputEvents = YES;
				INFOPLIST_KEY_UILaunchStoryboardName = LaunchScreen;
				INFOPLIST_KEY_UISupportedInterfaceOrientations_iPad = "UIInterfaceOrientationPortrait UIInterfaceOrientationPortraitUpsideDown UIInterfaceOrientationLandscapeLeft UIInterfaceOrientationLandscapeRight";
				INFOPLIST_KEY_UISupportedInterfaceOrientations_iPhone = "UIInterfaceOrientationPortrait UIInterfaceOrientationLandscapeLeft UIInterfaceOrientationLandscapeRight";
				LD_RUNPATH_SEARCH_PATHS = (
					"$(inherited)",
					"@executable_path/Frameworks",
				);
				MARKETING_VERSION = 1.0;
				PRODUCT_BUNDLE_IDENTIFIER = com.timmy.NetworkPhotoCache;
				PRODUCT_NAME = "$(TARGET_NAME)";
				SWIFT_EMIT_LOC_STRINGS = YES;
				SWIFT_VERSION = 5.0;
				TARGETED_DEVICE_FAMILY = "1,2";
			};
			name = Debug;
		};
		629824172830FECD007753B3 /* Release */ = {
			isa = XCBuildConfiguration;
			baseConfigurationReference = F69FB56FF49E2A531C7C7C5E /* Pods-NetworkPhotoCache.release.xcconfig */;
			buildSettings = {
				ASSETCATALOG_COMPILER_APPICON_NAME = AppIcon;
				ASSETCATALOG_COMPILER_GLOBAL_ACCENT_COLOR_NAME = AccentColor;
				CODE_SIGN_STYLE = Automatic;
				CURRENT_PROJECT_VERSION = 1;
				DEVELOPMENT_TEAM = G7LV6N67KJ;
				GENERATE_INFOPLIST_FILE = YES;
				INFOPLIST_FILE = NetworkPhotoCache/Info.plist;
				INFOPLIST_KEY_UIApplicationSupportsIndirectInputEvents = YES;
				INFOPLIST_KEY_UILaunchStoryboardName = LaunchScreen;
				INFOPLIST_KEY_UISupportedInterfaceOrientations_iPad = "UIInterfaceOrientationPortrait UIInterfaceOrientationPortraitUpsideDown UIInterfaceOrientationLandscapeLeft UIInterfaceOrientationLandscapeRight";
				INFOPLIST_KEY_UISupportedInterfaceOrientations_iPhone = "UIInterfaceOrientationPortrait UIInterfaceOrientationLandscapeLeft UIInterfaceOrientationLandscapeRight";
				LD_RUNPATH_SEARCH_PATHS = (
					"$(inherited)",
					"@executable_path/Frameworks",
				);
				MARKETING_VERSION = 1.0;
				PRODUCT_BUNDLE_IDENTIFIER = com.timmy.NetworkPhotoCache;
				PRODUCT_NAME = "$(TARGET_NAME)";
				SWIFT_EMIT_LOC_STRINGS = YES;
				SWIFT_VERSION = 5.0;
				TARGETED_DEVICE_FAMILY = "1,2";
			};
			name = Release;
		};
/* End XCBuildConfiguration section */

/* Begin XCConfigurationList section */
		629823F92830FECD007753B3 /* Build configuration list for PBXProject "NetworkPhotoCache" */ = {
			isa = XCConfigurationList;
			buildConfigurations = (
				629824132830FECD007753B3 /* Debug */,
				629824142830FECD007753B3 /* Release */,
			);
			defaultConfigurationIsVisible = 0;
			defaultConfigurationName = Release;
		};
		629824152830FECD007753B3 /* Build configuration list for PBXNativeTarget "NetworkPhotoCache" */ = {
			isa = XCConfigurationList;
			buildConfigurations = (
				629824162830FECD007753B3 /* Debug */,
				629824172830FECD007753B3 /* Release */,
			);
			defaultConfigurationIsVisible = 0;
			defaultConfigurationName = Release;
		};
/* End XCConfigurationList section */

/* Begin XCVersionGroup section */
		6298240A2830FECD007753B3 /* NetworkPhotoCache.xcdatamodeld */ = {
			isa = XCVersionGroup;
			children = (
				6298240B2830FECD007753B3 /* NetworkPhotoCache.xcdatamodel */,
			);
			currentVersion = 6298240B2830FECD007753B3 /* NetworkPhotoCache.xcdatamodel */;
			path = NetworkPhotoCache.xcdatamodeld;
			sourceTree = "<group>";
			versionGroupType = wrapper.xcdatamodel;
		};
/* End XCVersionGroup section */
	};
	rootObject = 629823F62830FECD007753B3 /* Project object */;
}
